
Microsoft Visual Studio Solution File, Format Version 12.00
# Visual Studio 2012
Project("{FAE04EC0-301F-11D3-BF4B-00C04F79EFBC}") = "DandTSoftware.Timers", "DandTSoftware.Timers\DandTSoftware.Timers.csproj", "{B80E8F06-EEE1-4BA9-B43D-348CAB7E2E9C}"
EndProject
Project("{FAE04EC0-301F-11D3-BF4B-00C04F79EFBC}") = "DandTSoftware.Timers.WindowsApplication", "DandTSoftware.Timers.WindowsApplication\DandTSoftware.Timers.WindowsApplication.csproj", "{50FE4370-87DE-4920-8D02-B3C85D2E7FF6}"
EndProject
Global
	GlobalSection(TeamFoundationVersionControl) = preSolution
		SccNumberOfProjects = 3
		SccEnterpriseProvider = {4CA58AB2-18FA-4F8D-95D4-32DDF27D184C}
		SccTeamFoundationServer = http://photon:8080/tfs/vex%20thal%20collection
		SccLocalPath0 = .
		SccProjectUniqueName1 = DandTSoftware.Timers.WindowsApplication\\DandTSoftware.Timers.WindowsApplication.csproj
		SccProjectName1 = DandTSoftware.Timers.WindowsApplication
		SccLocalPath1 = DandTSoftware.Timers.WindowsApplication
		SccProjectUniqueName2 = DandTSoftware.Timers\\DandTSoftware.Timers.csproj
		SccProjectName2 = DandTSoftware.Timers
		SccLocalPath2 = DandTSoftware.Timers
	EndGlobalSection
	GlobalSection(SolutionConfigurationPlatforms) = preSolution
		Debug|Any CPU = Debug|Any CPU
		Release|Any CPU = Release|Any CPU
	EndGlobalSection
	GlobalSection(ProjectConfigurationPlatforms) = postSolution
		{B80E8F06-EEE1-4BA9-B43D-348CAB7E2E9C}.Debug|Any CPU.ActiveCfg = Debug|Any CPU
		{B80E8F06-EEE1-4BA9-B43D-348CAB7E2E9C}.Debug|Any CPU.Build.0 = Debug|Any CPU
		{B80E8F06-EEE1-4BA9-B43D-348CAB7E2E9C}.Release|Any CPU.ActiveCfg = Release|Any CPU
		{B80E8F06-EEE1-4BA9-B43D-348CAB7E2E9C}.Release|Any CPU.Build.0 = Release|Any CPU
		{50FE4370-87DE-4920-8D02-B3C85D2E7FF6}.Debug|Any CPU.ActiveCfg = Debug|Any CPU
		{50FE4370-87DE-4920-8D02-B3C85D2E7FF6}.Debug|Any CPU.Build.0 = Debug|Any CPU
		{50FE4370-87DE-4920-8D02-B3C85D2E7FF6}.Release|Any CPU.ActiveCfg = Release|Any CPU
		{50FE4370-87DE-4920-8D02-B3C85D2E7FF6}.Release|Any CPU.Build.0 = Release|Any CPU
	EndGlobalSection
	GlobalSection(SolutionProperties) = preSolution
		HideSolutionNode = FALSE
	EndGlobalSection
EndGlobal
