
Microsoft Visual Studio Solution File, Format Version 9.00
# Visual Studio 2005
Project("{FAE04EC0-301F-11D3-BF4B-00C04F79EFBC}") = "VietnameseCalendar", "VietnameseCalendar.csproj", "{F2D7A25A-B6D7-4959-857E-1A7998F9A500}"
	ProjectSection(WebsiteProperties) = preProject
		Debug.AspNetCompiler.Debug = "True"
		Release.AspNetCompiler.Debug = "False"
	EndProjectSection
EndProject
Global
	GlobalSection(SolutionConfigurationPlatforms) = preSolution
		Debug|Any CPU = Debug|Any CPU
		Release|Any CPU = Release|Any CPU
	EndGlobalSection
	GlobalSection(ProjectConfigurationPlatforms) = postSolution
		{F2D7A25A-B6D7-4959-857E-1A7998F9A500}.Debug|Any CPU.ActiveCfg = Debug|Any CPU
		{F2D7A25A-B6D7-4959-857E-1A7998F9A500}.Debug|Any CPU.Build.0 = Debug|Any CPU
		{F2D7A25A-B6D7-4959-857E-1A7998F9A500}.Release|Any CPU.ActiveCfg = Release|Any CPU
		{F2D7A25A-B6D7-4959-857E-1A7998F9A500}.Release|Any CPU.Build.0 = Release|Any CPU
	EndGlobalSection
	GlobalSection(SolutionProperties) = preSolution
		HideSolutionNode = FALSE
	EndGlobalSection
EndGlobal
