
Microsoft Visual Studio Solution File, Format Version 12.00
# Visual Studio 15
VisualStudioVersion = 15.0.28307.852
MinimumVisualStudioVersion = 10.0.40219.1
Project("{FAE04EC0-301F-11D3-BF4B-00C04F79EFBC}") = "Infralution.Localization", "Infralution.Localization.csproj", "{62E6C7EA-AB84-4E44-B05A-AF648E60FA6D}"
EndProject
Project("{FAE04EC0-301F-11D3-BF4B-00C04F79EFBC}") = "TestCultureManager", "TestCultureManager\TestCultureManager.csproj", "{D1B853EF-49A7-4047-ADF1-9C166A4455C5}"
EndProject
Global
	GlobalSection(SolutionConfigurationPlatforms) = preSolution
		Debug|Any CPU = Debug|Any CPU
		Release|Any CPU = Release|Any CPU
	EndGlobalSection
	GlobalSection(ProjectConfigurationPlatforms) = postSolution
		{62E6C7EA-AB84-4E44-B05A-AF648E60FA6D}.Debug|Any CPU.ActiveCfg = Debug|Any CPU
		{62E6C7EA-AB84-4E44-B05A-AF648E60FA6D}.Debug|Any CPU.Build.0 = Debug|Any CPU
		{62E6C7EA-AB84-4E44-B05A-AF648E60FA6D}.Release|Any CPU.ActiveCfg = Release|Any CPU
		{62E6C7EA-AB84-4E44-B05A-AF648E60FA6D}.Release|Any CPU.Build.0 = Release|Any CPU
		{D1B853EF-49A7-4047-ADF1-9C166A4455C5}.Debug|Any CPU.ActiveCfg = Debug|Any CPU
		{D1B853EF-49A7-4047-ADF1-9C166A4455C5}.Debug|Any CPU.Build.0 = Debug|Any CPU
		{D1B853EF-49A7-4047-ADF1-9C166A4455C5}.Release|Any CPU.ActiveCfg = Release|Any CPU
		{D1B853EF-49A7-4047-ADF1-9C166A4455C5}.Release|Any CPU.Build.0 = Release|Any CPU
	EndGlobalSection
	GlobalSection(SolutionProperties) = preSolution
		HideSolutionNode = FALSE
	EndGlobalSection
	GlobalSection(ExtensibilityGlobals) = postSolution
		SolutionGuid = {11CE6F43-1A8F-4ABE-A529-B20F5008C7EC}
	EndGlobalSection
EndGlobal
